{
  "name": "ot-text",
  "version": "1.0.2",
  "lockfileVersion": 2,
  "requires": true,
  "packages": {
    "": {
      "name": "ot-text",
      "version": "1.0.2",
      "license": "ISC",
      "dependencies": {
        "ot-fuzzer": "^1.3.1"
      },
      "devDependencies": {
        "coffeescript": "^2.3.2",
        "mocha": "5"
      }
    },
    "node_modules/_balanced-match@1.0.2@balanced-match": {
      "name": "balanced-match",
      "version": "1.0.2",
      "dev": true,
      "license": "MIT"
    },
    "node_modules/_brace-expansion@1.1.11@brace-expansion": {
      "name": "brace-expansion",
      "version": "1.1.11",
      "dev": true,
      "license": "MIT",
      "dependencies": {
        "balanced-match": "^1.0.0",
        "concat-map": "0.0.1"
      }
    },
    "node_modules/_brace-expansion@1.1.11@brace-expansion/node_modules/balanced-match": {
      "resolved": "node_modules/_balanced-match@1.0.2@balanced-match",
      "link": true
    },
    "node_modules/_brace-expansion@1.1.11@brace-expansion/node_modules/concat-map": {
      "resolved": "node_modules/_concat-map@0.0.1@concat-map",
      "link": true
    },
    "node_modules/_browser-stdout@1.3.1@browser-stdout": {
      "name": "browser-stdout",
      "version": "1.3.1",
      "dev": true,
      "license": "ISC"
    },
    "node_modules/_coffeescript@2.6.1@coffeescript": {
      "name": "coffeescript",
      "version": "2.6.1",
      "dev": true,
      "license": "MIT",
      "bin": {
        "cake": "bin/cake",
        "coffee": "bin/coffee"
      },
      "engines": {
        "node": ">=6"
      }
    },
    "node_modules/_commander@2.15.1@commander": {
      "name": "commander",
      "version": "2.15.1",
      "dev": true,
      "license": "MIT"
    },
    "node_modules/_concat-map@0.0.1@concat-map": {
      "name": "concat-map",
      "version": "0.0.1",
      "dev": true,
      "license": "MIT"
    },
    "node_modules/_debug@3.1.0@debug": {
      "name": "debug",
      "version": "3.1.0",
      "dev": true,
      "license": "MIT",
      "dependencies": {
        "ms": "2.0.0"
      }
    },
    "node_modules/_debug@3.1.0@debug/node_modules/ms": {
      "resolved": "node_modules/_ms@2.0.0@ms",
      "link": true
    },
    "node_modules/_diff@3.5.0@diff": {
      "name": "diff",
      "version": "3.5.0",
      "dev": true,
      "license": "BSD-3-Clause",
      "engines": {
        "node": ">=0.3.1"
      }
    },
    "node_modules/_escape-string-regexp@1.0.5@escape-string-regexp": {
      "name": "escape-string-regexp",
      "version": "1.0.5",
      "dev": true,
      "license": "MIT",
      "engines": {
        "node": ">=0.8.0"
      }
    },
    "node_modules/_fs.realpath@1.0.0@fs.realpath": {
      "name": "fs.realpath",
      "version": "1.0.0",
      "dev": true,
      "license": "ISC"
    },
    "node_modules/_glob@7.1.2@glob": {
      "name": "glob",
      "version": "7.1.2",
      "dev": true,
      "license": "ISC",
      "dependencies": {
        "fs.realpath": "^1.0.0",
        "inflight": "^1.0.4",
        "inherits": "2",
        "minimatch": "^3.0.4",
        "once": "^1.3.0",
        "path-is-absolute": "^1.0.0"
      },
      "engines": {
        "node": "*"
      }
    },
    "node_modules/_glob@7.1.2@glob/node_modules/fs.realpath": {
      "resolved": "node_modules/_fs.realpath@1.0.0@fs.realpath",
      "link": true
    },
    "node_modules/_glob@7.1.2@glob/node_modules/inflight": {
      "resolved": "node_modules/_inflight@1.0.6@inflight",
      "link": true
    },
    "node_modules/_glob@7.1.2@glob/node_modules/inherits": {
      "resolved": "node_modules/_inherits@2.0.4@inherits",
      "link": true
    },
    "node_modules/_glob@7.1.2@glob/node_modules/minimatch": {
      "resolved": "node_modules/_minimatch@3.1.2@minimatch",
      "link": true
    },
    "node_modules/_glob@7.1.2@glob/node_modules/once": {
      "resolved": "node_modules/_once@1.4.0@once",
      "link": true
    },
    "node_modules/_glob@7.1.2@glob/node_modules/path-is-absolute": {
      "resolved": "node_modules/_path-is-absolute@1.0.1@path-is-absolute",
      "link": true
    },
    "node_modules/_growl@1.10.5@growl": {
      "name": "growl",
      "version": "1.10.5",
      "dev": true,
      "license": "MIT",
      "engines": {
        "node": ">=4.x"
      }
    },
    "node_modules/_has-flag@3.0.0@has-flag": {
      "name": "has-flag",
      "version": "3.0.0",
      "dev": true,
      "license": "MIT",
      "engines": {
        "node": ">=4"
      }
    },
    "node_modules/_he@1.1.1@he": {
      "name": "he",
      "version": "1.1.1",
      "dev": true,
      "license": "MIT",
      "bin": {
        "he": "bin/he"
      }
    },
    "node_modules/_inflight@1.0.6@inflight": {
      "name": "inflight",
      "version": "1.0.6",
      "dev": true,
      "license": "ISC",
      "dependencies": {
        "once": "^1.3.0",
        "wrappy": "1"
      }
    },
    "node_modules/_inflight@1.0.6@inflight/node_modules/once": {
      "resolved": "node_modules/_once@1.4.0@once",
      "link": true
    },
    "node_modules/_inflight@1.0.6@inflight/node_modules/wrappy": {
      "resolved": "node_modules/_wrappy@1.0.2@wrappy",
      "link": true
    },
    "node_modules/_inherits@2.0.4@inherits": {
      "name": "inherits",
      "version": "2.0.4",
      "dev": true,
      "license": "ISC"
    },
    "node_modules/_minimatch@3.0.4@minimatch": {
      "name": "minimatch",
      "version": "3.0.4",
      "dev": true,
      "license": "ISC",
      "dependencies": {
        "brace-expansion": "^1.1.7"
      },
      "engines": {
        "node": "*"
      }
    },
    "node_modules/_minimatch@3.0.4@minimatch/node_modules/brace-expansion": {
      "resolved": "node_modules/_brace-expansion@1.1.11@brace-expansion",
      "link": true
    },
    "node_modules/_minimatch@3.1.2@minimatch": {
      "name": "minimatch",
      "version": "3.1.2",
      "dev": true,
      "license": "ISC",
      "dependencies": {
        "brace-expansion": "^1.1.7"
      },
      "engines": {
        "node": "*"
      }
    },
    "node_modules/_minimatch@3.1.2@minimatch/node_modules/brace-expansion": {
      "resolved": "node_modules/_brace-expansion@1.1.11@brace-expansion",
      "link": true
    },
    "node_modules/_minimist@0.0.8@minimist": {
      "name": "minimist",
      "version": "0.0.8",
      "dev": true,
      "license": "MIT"
    },
    "node_modules/_mkdirp@0.5.1@mkdirp": {
      "name": "mkdirp",
      "version": "0.5.1",
      "dev": true,
      "license": "MIT",
      "dependencies": {
        "minimist": "0.0.8"
      },
      "bin": {
        "mkdirp": "bin/cmd.js"
      }
    },
    "node_modules/_mkdirp@0.5.1@mkdirp/node_modules/minimist": {
      "resolved": "node_modules/_minimist@0.0.8@minimist",
      "link": true
    },
    "node_modules/_mocha@5.2.0@mocha": {
      "name": "mocha",
      "version": "5.2.0",
      "dev": true,
      "license": "MIT",
      "dependencies": {
        "browser-stdout": "1.3.1",
        "commander": "2.15.1",
        "debug": "3.1.0",
        "diff": "3.5.0",
        "escape-string-regexp": "1.0.5",
        "glob": "7.1.2",
        "growl": "1.10.5",
        "he": "1.1.1",
        "minimatch": "3.0.4",
        "mkdirp": "0.5.1",
        "supports-color": "5.4.0"
      },
      "bin": {
        "_mocha": "bin/_mocha",
        "mocha": "bin/mocha"
      },
      "engines": {
        "node": ">= 4.0.0"
      }
    },
    "node_modules/_mocha@5.2.0@mocha/node_modules/browser-stdout": {
      "resolved": "node_modules/_browser-stdout@1.3.1@browser-stdout",
      "link": true
    },
    "node_modules/_mocha@5.2.0@mocha/node_modules/commander": {
      "resolved": "node_modules/_commander@2.15.1@commander",
      "link": true
    },
    "node_modules/_mocha@5.2.0@mocha/node_modules/debug": {
      "resolved": "node_modules/_debug@3.1.0@debug",
      "link": true
    },
    "node_modules/_mocha@5.2.0@mocha/node_modules/diff": {
      "resolved": "node_modules/_diff@3.5.0@diff",
      "link": true
    },
    "node_modules/_mocha@5.2.0@mocha/node_modules/escape-string-regexp": {
      "resolved": "node_modules/_escape-string-regexp@1.0.5@escape-string-regexp",
      "link": true
    },
    "node_modules/_mocha@5.2.0@mocha/node_modules/glob": {
      "resolved": "node_modules/_glob@7.1.2@glob",
      "link": true
    },
    "node_modules/_mocha@5.2.0@mocha/node_modules/growl": {
      "resolved": "node_modules/_growl@1.10.5@growl",
      "link": true
    },
    "node_modules/_mocha@5.2.0@mocha/node_modules/he": {
      "resolved": "node_modules/_he@1.1.1@he",
      "link": true
    },
    "node_modules/_mocha@5.2.0@mocha/node_modules/minimatch": {
      "resolved": "node_modules/_minimatch@3.0.4@minimatch",
      "link": true
    },
    "node_modules/_mocha@5.2.0@mocha/node_modules/mkdirp": {
      "resolved": "node_modules/_mkdirp@0.5.1@mkdirp",
      "link": true
    },
    "node_modules/_mocha@5.2.0@mocha/node_modules/supports-color": {
      "resolved": "node_modules/_supports-color@5.4.0@supports-color",
      "link": true
    },
    "node_modules/_ms@2.0.0@ms": {
      "name": "ms",
      "version": "2.0.0",
      "dev": true,
      "license": "MIT"
    },
    "node_modules/_once@1.4.0@once": {
      "name": "once",
      "version": "1.4.0",
      "dev": true,
      "license": "ISC",
      "dependencies": {
        "wrappy": "1"
      }
    },
    "node_modules/_once@1.4.0@once/node_modules/wrappy": {
      "resolved": "node_modules/_wrappy@1.0.2@wrappy",
      "link": true
    },
    "node_modules/_path-is-absolute@1.0.1@path-is-absolute": {
      "name": "path-is-absolute",
      "version": "1.0.1",
      "dev": true,
      "license": "MIT",
      "engines": {
        "node": ">=0.10.0"
      }
    },
    "node_modules/_supports-color@5.4.0@supports-color": {
      "name": "supports-color",
      "version": "5.4.0",
      "dev": true,
      "license": "MIT",
      "dependencies": {
        "has-flag": "^3.0.0"
      },
      "engines": {
        "node": ">=4"
      }
    },
    "node_modules/_supports-color@5.4.0@supports-color/node_modules/has-flag": {
      "resolved": "node_modules/_has-flag@3.0.0@has-flag",
      "link": true
    },
    "node_modules/_wrappy@1.0.2@wrappy": {
      "name": "wrappy",
      "version": "1.0.2",
      "dev": true,
      "license": "ISC"
    },
    "node_modules/ansi-regex": {
      "version": "3.0.1",
      "resolved": "https://registry.npmjs.org/ansi-regex/-/ansi-regex-3.0.1.tgz",
      "integrity": "sha512-+O9Jct8wf++lXxxFc4hc8LsjaSq0HFzzL7cVsw8pRDIPdjKD2mT4ytDZlLuSBZ4cLKZFXIrMGO7DbQCtMJJMKw==",
      "engines": {
        "node": ">=4"
      }
    },
    "node_modules/cli-progress": {
      "version": "2.1.1",
      "resolved": "https://registry.npmjs.org/cli-progress/-/cli-progress-2.1.1.tgz",
      "integrity": "sha512-TSJw3LY9ZRSis7yYzQ7flIdtQMbacd9oYoiFphJhI4SzgmqF0zErO+uNv0lbUjk1L4AGfHQJ4OVYYzW+JV66KA==",
      "dependencies": {
        "colors": "^1.1.2",
        "string-width": "^2.1.1"
      },
      "engines": {
        "node": ">=4"
      }
    },
    "node_modules/coffeescript": {
      "resolved": "node_modules/_coffeescript@2.6.1@coffeescript",
      "link": true
    },
    "node_modules/colors": {
      "version": "1.4.0",
      "resolved": "https://registry.npmjs.org/colors/-/colors-1.4.0.tgz",
      "integrity": "sha512-a+UqTh4kgZg/SlGvfbzDHpgRu7AAQOmmqRHJnxhRZICKFUT91brVhNNt58CMWU9PsBbv3PDCZUHbVxuDiH2mtA==",
      "engines": {
        "node": ">=0.1.90"
      }
    },
    "node_modules/is-fullwidth-code-point": {
      "version": "2.0.0",
      "resolved": "https://registry.npmjs.org/is-fullwidth-code-point/-/is-fullwidth-code-point-2.0.0.tgz",
      "integrity": "sha1-o7MKXE8ZkYMWeqq5O+764937ZU8=",
      "engines": {
        "node": ">=4"
      }
    },
    "node_modules/mocha": {
      "resolved": "node_modules/_mocha@5.2.0@mocha",
      "link": true
    },
    "node_modules/ot-fuzzer": {
      "version": "1.3.1",
      "resolved": "https://registry.npmjs.org/ot-fuzzer/-/ot-fuzzer-1.3.1.tgz",
      "integrity": "sha512-INoG3AyogrQARre1CZckNMIdN4OENOL5BMCxjnQ8Z5XQarZA7KyCgTKisIup+3l2TKkmc5vnnYMMpTWXOiX05Q==",
      "dependencies": {
        "cli-progress": "^2.1.1",
        "seedrandom": "^2.4.4"
      }
    },
    "node_modules/seedrandom": {
      "version": "2.4.4",
      "resolved": "https://registry.npmjs.org/seedrandom/-/seedrandom-2.4.4.tgz",
      "integrity": "sha512-9A+PDmgm+2du77B5i0Ip2cxOqqHjgNxnBgglxLcX78A2D6c2rTo61z4jnVABpF4cKeDMDG+cmXXvdnqse2VqMA=="
    },
    "node_modules/string-width": {
      "version": "2.1.1",
      "resolved": "https://registry.npmjs.org/string-width/-/string-width-2.1.1.tgz",
      "integrity": "sha512-nOqH59deCq9SRHlxq1Aw85Jnt4w6KvLKqWVik6oA9ZklXLNIOlqg4F2yrT1MVaTjAqvVwdfeZ7w7aCvJD7ugkw==",
      "dependencies": {
        "is-fullwidth-code-point": "^2.0.0",
        "strip-ansi": "^4.0.0"
      },
      "engines": {
        "node": ">=4"
      }
    },
    "node_modules/strip-ansi": {
      "version": "4.0.0",
      "resolved": "https://registry.npmjs.org/strip-ansi/-/strip-ansi-4.0.0.tgz",
      "integrity": "sha1-qEeQIusaw2iocTibY1JixQXuNo8=",
      "dependencies": {
        "ansi-regex": "^3.0.0"
      },
      "engines": {
        "node": ">=4"
      }
    }
  },
  "dependencies": {
    "_balanced-match@1.0.2@balanced-match": {
      "version": "npm:balanced-match@1.0.2",
      "dev": true
    },
    "_brace-expansion@1.1.11@brace-expansion": {
      "version": "npm:brace-expansion@1.1.11",
      "dev": true,
      "requires": {
        "balanced-match": "^1.0.0",
        "concat-map": "0.0.1"
      },
      "dependencies": {
        "balanced-match": {
          "version": "file:node_modules/_balanced-match@1.0.2@balanced-match"
        },
        "concat-map": {
          "version": "file:node_modules/_concat-map@0.0.1@concat-map"
        }
      }
    },
    "_browser-stdout@1.3.1@browser-stdout": {
      "version": "npm:browser-stdout@1.3.1",
      "dev": true
    },
    "_coffeescript@2.6.1@coffeescript": {
      "version": "npm:coffeescript@2.6.1",
      "dev": true
    },
    "_commander@2.15.1@commander": {
      "version": "npm:commander@2.15.1",
      "dev": true
    },
    "_concat-map@0.0.1@concat-map": {
      "version": "npm:concat-map@0.0.1",
      "dev": true
    },
    "_debug@3.1.0@debug": {
      "version": "npm:debug@3.1.0",
      "dev": true,
      "requires": {
        "ms": "2.0.0"
      },
      "dependencies": {
        "ms": {
          "version": "file:node_modules/_ms@2.0.0@ms"
        }
      }
    },
    "_diff@3.5.0@diff": {
      "version": "npm:diff@3.5.0",
      "dev": true
    },
    "_escape-string-regexp@1.0.5@escape-string-regexp": {
      "version": "npm:escape-string-regexp@1.0.5",
      "dev": true
    },
    "_fs.realpath@1.0.0@fs.realpath": {
      "version": "npm:fs.realpath@1.0.0",
      "dev": true
    },
    "_glob@7.1.2@glob": {
      "version": "npm:glob@7.1.2",
      "dev": true,
      "requires": {
        "fs.realpath": "^1.0.0",
        "inflight": "^1.0.4",
        "inherits": "2",
        "minimatch": "^3.0.4",
        "once": "^1.3.0",
        "path-is-absolute": "^1.0.0"
      },
      "dependencies": {
        "fs.realpath": {
          "version": "file:node_modules/_fs.realpath@1.0.0@fs.realpath"
        },
        "inflight": {
          "version": "file:node_modules/_inflight@1.0.6@inflight",
          "requires": {
            "once": "^1.3.0",
            "wrappy": "1"
          },
          "dependencies": {
            "once": {
              "version": "file:node_modules/_once@1.4.0@once",
              "requires": {
                "wrappy": "1"
              },
              "dependencies": {
                "wrappy": {
                  "version": "file:node_modules/_wrappy@1.0.2@wrappy"
                }
              }
            },
            "wrappy": {
              "version": "file:node_modules/_wrappy@1.0.2@wrappy"
            }
          }
        },
        "inherits": {
          "version": "file:node_modules/_inherits@2.0.4@inherits"
        },
        "minimatch": {
          "version": "file:node_modules/_minimatch@3.1.2@minimatch",
          "requires": {
            "brace-expansion": "^1.1.7"
          },
          "dependencies": {
            "brace-expansion": {
              "version": "file:node_modules/_brace-expansion@1.1.11@brace-expansion",
              "requires": {
                "balanced-match": "^1.0.0",
                "concat-map": "0.0.1"
              },
              "dependencies": {
                "balanced-match": {
                  "version": "file:node_modules/_balanced-match@1.0.2@balanced-match"
                },
                "concat-map": {
                  "version": "file:node_modules/_concat-map@0.0.1@concat-map"
                }
              }
            }
          }
        },
        "once": {
          "version": "file:node_modules/_once@1.4.0@once",
          "requires": {
            "wrappy": "1"
          },
          "dependencies": {
            "wrappy": {
              "version": "file:node_modules/_wrappy@1.0.2@wrappy"
            }
          }
        },
        "path-is-absolute": {
          "version": "file:node_modules/_path-is-absolute@1.0.1@path-is-absolute"
        }
      }
    },
    "_growl@1.10.5@growl": {
      "version": "npm:growl@1.10.5",
      "dev": true
    },
    "_has-flag@3.0.0@has-flag": {
      "version": "npm:has-flag@3.0.0",
      "dev": true
    },
    "_he@1.1.1@he": {
      "version": "npm:he@1.1.1",
      "dev": true
    },
    "_inflight@1.0.6@inflight": {
      "version": "npm:inflight@1.0.6",
      "dev": true,
      "requires": {
        "once": "^1.3.0",
        "wrappy": "1"
      },
      "dependencies": {
        "once": {
          "version": "file:node_modules/_once@1.4.0@once",
          "requires": {
            "wrappy": "1"
          },
          "dependencies": {
            "wrappy": {
              "version": "file:node_modules/_wrappy@1.0.2@wrappy"
            }
          }
        },
        "wrappy": {
          "version": "file:node_modules/_wrappy@1.0.2@wrappy"
        }
      }
    },
    "_inherits@2.0.4@inherits": {
      "version": "npm:inherits@2.0.4",
      "dev": true
    },
    "_minimatch@3.0.4@minimatch": {
      "version": "npm:minimatch@3.0.4",
      "dev": true,
      "requires": {
        "brace-expansion": "^1.1.7"
      },
      "dependencies": {
        "brace-expansion": {
          "version": "file:node_modules/_brace-expansion@1.1.11@brace-expansion",
          "requires": {
            "balanced-match": "^1.0.0",
            "concat-map": "0.0.1"
          },
          "dependencies": {
            "balanced-match": {
              "version": "file:node_modules/_balanced-match@1.0.2@balanced-match"
            },
            "concat-map": {
              "version": "file:node_modules/_concat-map@0.0.1@concat-map"
            }
          }
        }
      }
    },
    "_minimatch@3.1.2@minimatch": {
      "version": "npm:minimatch@3.1.2",
      "dev": true,
      "requires": {
        "brace-expansion": "^1.1.7"
      },
      "dependencies": {
        "brace-expansion": {
          "version": "file:node_modules/_brace-expansion@1.1.11@brace-expansion",
          "requires": {
            "balanced-match": "^1.0.0",
            "concat-map": "0.0.1"
          },
          "dependencies": {
            "balanced-match": {
              "version": "file:node_modules/_balanced-match@1.0.2@balanced-match"
            },
            "concat-map": {
              "version": "file:node_modules/_concat-map@0.0.1@concat-map"
            }
          }
        }
      }
    },
    "_minimist@0.0.8@minimist": {
      "version": "npm:minimist@0.0.8",
      "dev": true
    },
    "_mkdirp@0.5.1@mkdirp": {
      "version": "npm:mkdirp@0.5.1",
      "dev": true,
      "requires": {
        "minimist": "0.0.8"
      },
      "dependencies": {
        "minimist": {
          "version": "file:node_modules/_minimist@0.0.8@minimist"
        }
      }
    },
    "_mocha@5.2.0@mocha": {
      "version": "npm:mocha@5.2.0",
      "dev": true,
      "requires": {
        "browser-stdout": "1.3.1",
        "commander": "2.15.1",
        "debug": "3.1.0",
        "diff": "3.5.0",
        "escape-string-regexp": "1.0.5",
        "glob": "7.1.2",
        "growl": "1.10.5",
        "he": "1.1.1",
        "minimatch": "3.0.4",
        "mkdirp": "0.5.1",
        "supports-color": "5.4.0"
      },
      "dependencies": {
        "browser-stdout": {
          "version": "file:node_modules/_browser-stdout@1.3.1@browser-stdout"
        },
        "commander": {
          "version": "file:node_modules/_commander@2.15.1@commander"
        },
        "debug": {
          "version": "file:node_modules/_debug@3.1.0@debug",
          "requires": {
            "ms": "2.0.0"
          },
          "dependencies": {
            "ms": {
              "version": "file:node_modules/_ms@2.0.0@ms"
            }
          }
        },
        "diff": {
          "version": "file:node_modules/_diff@3.5.0@diff"
        },
        "escape-string-regexp": {
          "version": "file:node_modules/_escape-string-regexp@1.0.5@escape-string-regexp"
        },
        "glob": {
          "version": "file:node_modules/_glob@7.1.2@glob",
          "requires": {
            "fs.realpath": "^1.0.0",
            "inflight": "^1.0.4",
            "inherits": "2",
            "minimatch": "^3.0.4",
            "once": "^1.3.0",
            "path-is-absolute": "^1.0.0"
          },
          "dependencies": {
            "fs.realpath": {
              "version": "file:node_modules/_fs.realpath@1.0.0@fs.realpath"
            },
            "inflight": {
              "version": "file:node_modules/_inflight@1.0.6@inflight",
              "requires": {
                "once": "^1.3.0",
                "wrappy": "1"
              },
              "dependencies": {
                "once": {
                  "version": "file:node_modules/_once@1.4.0@once",
                  "requires": {
                    "wrappy": "1"
                  },
                  "dependencies": {
                    "wrappy": {
                      "version": "file:node_modules/_wrappy@1.0.2@wrappy"
                    }
                  }
                },
                "wrappy": {
                  "version": "file:node_modules/_wrappy@1.0.2@wrappy"
                }
              }
            },
            "inherits": {
              "version": "file:node_modules/_inherits@2.0.4@inherits"
            },
            "minimatch": {
              "version": "file:node_modules/_minimatch@3.1.2@minimatch",
              "requires": {
                "brace-expansion": "^1.1.7"
              },
              "dependencies": {
                "brace-expansion": {
                  "version": "file:node_modules/_brace-expansion@1.1.11@brace-expansion",
                  "requires": {
                    "balanced-match": "^1.0.0",
                    "concat-map": "0.0.1"
                  },
                  "dependencies": {
                    "balanced-match": {
                      "version": "file:node_modules/_balanced-match@1.0.2@balanced-match"
                    },
                    "concat-map": {
                      "version": "file:node_modules/_concat-map@0.0.1@concat-map"
                    }
                  }
                }
              }
            },
            "once": {
              "version": "file:node_modules/_once@1.4.0@once",
              "requires": {
                "wrappy": "1"
              },
              "dependencies": {
                "wrappy": {
                  "version": "file:node_modules/_wrappy@1.0.2@wrappy"
                }
              }
            },
            "path-is-absolute": {
              "version": "file:node_modules/_path-is-absolute@1.0.1@path-is-absolute"
            }
          }
        },
        "growl": {
          "version": "file:node_modules/_growl@1.10.5@growl"
        },
        "he": {
          "version": "file:node_modules/_he@1.1.1@he"
        },
        "minimatch": {
          "version": "file:node_modules/_minimatch@3.0.4@minimatch",
          "requires": {
            "brace-expansion": "^1.1.7"
          },
          "dependencies": {
            "brace-expansion": {
              "version": "file:node_modules/_brace-expansion@1.1.11@brace-expansion",
              "requires": {
                "balanced-match": "^1.0.0",
                "concat-map": "0.0.1"
              },
              "dependencies": {
                "balanced-match": {
                  "version": "file:node_modules/_balanced-match@1.0.2@balanced-match"
                },
                "concat-map": {
                  "version": "file:node_modules/_concat-map@0.0.1@concat-map"
                }
              }
            }
          }
        },
        "mkdirp": {
          "version": "file:node_modules/_mkdirp@0.5.1@mkdirp",
          "requires": {
            "minimist": "0.0.8"
          },
          "dependencies": {
            "minimist": {
              "version": "file:node_modules/_minimist@0.0.8@minimist"
            }
          }
        },
        "supports-color": {
          "version": "file:node_modules/_supports-color@5.4.0@supports-color",
          "requires": {
            "has-flag": "^3.0.0"
          },
          "dependencies": {
            "has-flag": {
              "version": "file:node_modules/_has-flag@3.0.0@has-flag"
            }
          }
        }
      }
    },
    "_ms@2.0.0@ms": {
      "version": "npm:ms@2.0.0",
      "dev": true
    },
    "_once@1.4.0@once": {
      "version": "npm:once@1.4.0",
      "dev": true,
      "requires": {
        "wrappy": "1"
      },
      "dependencies": {
        "wrappy": {
          "version": "file:node_modules/_wrappy@1.0.2@wrappy"
        }
      }
    },
    "_path-is-absolute@1.0.1@path-is-absolute": {
      "version": "npm:path-is-absolute@1.0.1",
      "dev": true
    },
    "_supports-color@5.4.0@supports-color": {
      "version": "npm:supports-color@5.4.0",
      "dev": true,
      "requires": {
        "has-flag": "^3.0.0"
      },
      "dependencies": {
        "has-flag": {
          "version": "file:node_modules/_has-flag@3.0.0@has-flag"
        }
      }
    },
    "_wrappy@1.0.2@wrappy": {
      "version": "npm:wrappy@1.0.2",
      "dev": true
    },
    "ansi-regex": {
      "version": "3.0.1",
      "resolved": "https://registry.npmjs.org/ansi-regex/-/ansi-regex-3.0.1.tgz",
      "integrity": "sha512-+O9Jct8wf++lXxxFc4hc8LsjaSq0HFzzL7cVsw8pRDIPdjKD2mT4ytDZlLuSBZ4cLKZFXIrMGO7DbQCtMJJMKw=="
    },
    "cli-progress": {
      "version": "2.1.1",
      "resolved": "https://registry.npmjs.org/cli-progress/-/cli-progress-2.1.1.tgz",
      "integrity": "sha512-TSJw3LY9ZRSis7yYzQ7flIdtQMbacd9oYoiFphJhI4SzgmqF0zErO+uNv0lbUjk1L4AGfHQJ4OVYYzW+JV66KA==",
      "requires": {
        "colors": "^1.1.2",
        "string-width": "^2.1.1"
      }
    },
    "coffeescript": {
      "version": "file:node_modules/_coffeescript@2.6.1@coffeescript"
    },
    "colors": {
      "version": "1.4.0",
      "resolved": "https://registry.npmjs.org/colors/-/colors-1.4.0.tgz",
      "integrity": "sha512-a+UqTh4kgZg/SlGvfbzDHpgRu7AAQOmmqRHJnxhRZICKFUT91brVhNNt58CMWU9PsBbv3PDCZUHbVxuDiH2mtA=="
    },
    "is-fullwidth-code-point": {
      "version": "2.0.0",
      "resolved": "https://registry.npmjs.org/is-fullwidth-code-point/-/is-fullwidth-code-point-2.0.0.tgz",
      "integrity": "sha1-o7MKXE8ZkYMWeqq5O+764937ZU8="
    },
    "mocha": {
      "version": "file:node_modules/_mocha@5.2.0@mocha",
      "requires": {
        "browser-stdout": "1.3.1",
        "commander": "2.15.1",
        "debug": "3.1.0",
        "diff": "3.5.0",
        "escape-string-regexp": "1.0.5",
        "glob": "7.1.2",
        "growl": "1.10.5",
        "he": "1.1.1",
        "minimatch": "3.0.4",
        "mkdirp": "0.5.1",
        "supports-color": "5.4.0"
      },
      "dependencies": {
        "browser-stdout": {
          "version": "file:node_modules/_browser-stdout@1.3.1@browser-stdout"
        },
        "commander": {
          "version": "file:node_modules/_commander@2.15.1@commander"
        },
        "debug": {
          "version": "file:node_modules/_debug@3.1.0@debug",
          "requires": {
            "ms": "2.0.0"
          },
          "dependencies": {
            "ms": {
              "version": "file:node_modules/_ms@2.0.0@ms"
            }
          }
        },
        "diff": {
          "version": "file:node_modules/_diff@3.5.0@diff"
        },
        "escape-string-regexp": {
          "version": "file:node_modules/_escape-string-regexp@1.0.5@escape-string-regexp"
        },
        "glob": {
          "version": "file:node_modules/_glob@7.1.2@glob",
          "requires": {
            "fs.realpath": "^1.0.0",
            "inflight": "^1.0.4",
            "inherits": "2",
            "minimatch": "^3.0.4",
            "once": "^1.3.0",
            "path-is-absolute": "^1.0.0"
          },
          "dependencies": {
            "fs.realpath": {
              "version": "file:node_modules/_fs.realpath@1.0.0@fs.realpath"
            },
            "inflight": {
              "version": "file:node_modules/_inflight@1.0.6@inflight",
              "requires": {
                "once": "^1.3.0",
                "wrappy": "1"
              },
              "dependencies": {
                "once": {
                  "version": "file:node_modules/_once@1.4.0@once",
                  "requires": {
                    "wrappy": "1"
                  },
                  "dependencies": {
                    "wrappy": {
                      "version": "file:node_modules/_wrappy@1.0.2@wrappy"
                    }
                  }
                },
                "wrappy": {
                  "version": "file:node_modules/_wrappy@1.0.2@wrappy"
                }
              }
            },
            "inherits": {
              "version": "file:node_modules/_inherits@2.0.4@inherits"
            },
            "minimatch": {
              "version": "file:node_modules/_minimatch@3.1.2@minimatch",
              "requires": {
                "brace-expansion": "^1.1.7"
              },
              "dependencies": {
                "brace-expansion": {
                  "version": "file:node_modules/_brace-expansion@1.1.11@brace-expansion",
                  "requires": {
                    "balanced-match": "^1.0.0",
                    "concat-map": "0.0.1"
                  },
                  "dependencies": {
                    "balanced-match": {
                      "version": "file:node_modules/_balanced-match@1.0.2@balanced-match"
                    },
                    "concat-map": {
                      "version": "file:node_modules/_concat-map@0.0.1@concat-map"
                    }
                  }
                }
              }
            },
            "once": {
              "version": "file:node_modules/_once@1.4.0@once",
              "requires": {
                "wrappy": "1"
              },
              "dependencies": {
                "wrappy": {
                  "version": "file:node_modules/_wrappy@1.0.2@wrappy"
                }
              }
            },
            "path-is-absolute": {
              "version": "file:node_modules/_path-is-absolute@1.0.1@path-is-absolute"
            }
          }
        },
        "growl": {
          "version": "file:node_modules/_growl@1.10.5@growl"
        },
        "he": {
          "version": "file:node_modules/_he@1.1.1@he"
        },
        "minimatch": {
          "version": "file:node_modules/_minimatch@3.0.4@minimatch",
          "requires": {
            "brace-expansion": "^1.1.7"
          },
          "dependencies": {
            "brace-expansion": {
              "version": "file:node_modules/_brace-expansion@1.1.11@brace-expansion",
              "requires": {
                "balanced-match": "^1.0.0",
                "concat-map": "0.0.1"
              },
              "dependencies": {
                "balanced-match": {
                  "version": "file:node_modules/_balanced-match@1.0.2@balanced-match"
                },
                "concat-map": {
                  "version": "file:node_modules/_concat-map@0.0.1@concat-map"
                }
              }
            }
          }
        },
        "mkdirp": {
          "version": "file:node_modules/_mkdirp@0.5.1@mkdirp",
          "requires": {
            "minimist": "0.0.8"
          },
          "dependencies": {
            "minimist": {
              "version": "file:node_modules/_minimist@0.0.8@minimist"
            }
          }
        },
        "supports-color": {
          "version": "file:node_modules/_supports-color@5.4.0@supports-color",
          "requires": {
            "has-flag": "^3.0.0"
          },
          "dependencies": {
            "has-flag": {
              "version": "file:node_modules/_has-flag@3.0.0@has-flag"
            }
          }
        }
      }
    },
    "ot-fuzzer": {
      "version": "1.3.1",
      "resolved": "https://registry.npmjs.org/ot-fuzzer/-/ot-fuzzer-1.3.1.tgz",
      "integrity": "sha512-INoG3AyogrQARre1CZckNMIdN4OENOL5BMCxjnQ8Z5XQarZA7KyCgTKisIup+3l2TKkmc5vnnYMMpTWXOiX05Q==",
      "requires": {
        "cli-progress": "^2.1.1",
        "seedrandom": "^2.4.4"
      }
    },
    "seedrandom": {
      "version": "2.4.4",
      "resolved": "https://registry.npmjs.org/seedrandom/-/seedrandom-2.4.4.tgz",
      "integrity": "sha512-9A+PDmgm+2du77B5i0Ip2cxOqqHjgNxnBgglxLcX78A2D6c2rTo61z4jnVABpF4cKeDMDG+cmXXvdnqse2VqMA=="
    },
    "string-width": {
      "version": "2.1.1",
      "resolved": "https://registry.npmjs.org/string-width/-/string-width-2.1.1.tgz",
      "integrity": "sha512-nOqH59deCq9SRHlxq1Aw85Jnt4w6KvLKqWVik6oA9ZklXLNIOlqg4F2yrT1MVaTjAqvVwdfeZ7w7aCvJD7ugkw==",
      "requires": {
        "is-fullwidth-code-point": "^2.0.0",
        "strip-ansi": "^4.0.0"
      }
    },
    "strip-ansi": {
      "version": "4.0.0",
      "resolved": "https://registry.npmjs.org/strip-ansi/-/strip-ansi-4.0.0.tgz",
      "integrity": "sha1-qEeQIusaw2iocTibY1JixQXuNo8=",
      "requires": {
        "ansi-regex": "^3.0.0"
      }
    }
  }
}
